
Microsoft Visual Studio Solution File, Format Version 12.00
# Visual Studio Version 17
VisualStudioVersion = 17.0.31903.59
MinimumVisualStudioVersion = 10.0.40219.1
Project("{2150E333-8FDC-42A3-9474-1A3956D46DE8}") = "src", "src", "{827E0CD3-B72D-47B6-A68D-7590B98EB39B}"
EndProject
Project("{FAE04EC0-301F-11D3-BF4B-00C04F79EFBC}") = "EzDbCodeGen.Core", "src\EzDbCodeGen.Core\EzDbCodeGen.Core.csproj", "{D885B68A-BC33-4353-9361-4DDA0C471022}"
EndProject
Project("{FAE04EC0-301F-11D3-BF4B-00C04F79EFBC}") = "EzDbCodeGen.Schema", "src\EzDbCodeGen.Schema\EzDbCodeGen.Schema.csproj", "{708D857B-5421-41D1-8A8B-0CE275917ED0}"
EndProject
Project("{FAE04EC0-301F-11D3-BF4B-00C04F79EFBC}") = "EzDbCodeGen.TypeMapping", "src\EzDbCodeGen.TypeMapping\EzDbCodeGen.TypeMapping.csproj", "{D3CCF01A-CB87-48C7-B960-79A58E22DB05}"
EndProject
Project("{FAE04EC0-301F-11D3-BF4B-00C04F79EFBC}") = "EzDbCodeGen.TemplateEngine", "src\EzDbCodeGen.TemplateEngine\EzDbCodeGen.TemplateEngine.csproj", "{9F459F31-F6C3-4EFC-86BF-307F3B0715CC}"
EndProject
Project("{FAE04EC0-301F-11D3-BF4B-00C04F79EFBC}") = "EzDbCodeGen.CodeGeneration", "src\EzDbCodeGen.CodeGeneration\EzDbCodeGen.CodeGeneration.csproj", "{FE940B9F-A2AE-4B4E-B51C-41ECA8A097A4}"
EndProject
Project("{FAE04EC0-301F-11D3-BF4B-00C04F79EFBC}") = "EzDbCodeGen.Cli", "src\EzDbCodeGen.Cli\EzDbCodeGen.Cli.csproj", "{0ABE8E5A-B3CF-48A3-A0EE-F9099473A10D}"
EndProject
Project("{FAE04EC0-301F-11D3-BF4B-00C04F79EFBC}") = "EzDbCodeGen.Core.Tests", "tests\EzDbCodeGen.Core.Tests\EzDbCodeGen.Core.Tests.csproj", "{8BDF9465-3FED-4308-A186-C50995562D8B}"
EndProject
Project("{FAE04EC0-301F-11D3-BF4B-00C04F79EFBC}") = "EzDbCodeGen.Schema.Tests", "tests\EzDbCodeGen.Schema.Tests\EzDbCodeGen.Schema.Tests.csproj", "{320F8676-148B-4EE2-A221-A197F3114A06}"
EndProject
Project("{FAE04EC0-301F-11D3-BF4B-00C04F79EFBC}") = "EzDbCodeGen.TypeMapping.Tests", "tests\EzDbCodeGen.TypeMapping.Tests\EzDbCodeGen.TypeMapping.Tests.csproj", "{663FC6E5-4E57-44CD-87BB-3C3D5983087C}"
EndProject
Project("{FAE04EC0-301F-11D3-BF4B-00C04F79EFBC}") = "EzDbCodeGen.TemplateEngine.Tests", "tests\EzDbCodeGen.TemplateEngine.Tests\EzDbCodeGen.TemplateEngine.Tests.csproj", "{079F1660-B907-46ED-BFF9-6B4CBF276238}"
EndProject
Project("{FAE04EC0-301F-11D3-BF4B-00C04F79EFBC}") = "EzDbCodeGen.CodeGeneration.Tests", "tests\EzDbCodeGen.CodeGeneration.Tests\EzDbCodeGen.CodeGeneration.Tests.csproj", "{2C799BAC-C332-4DAF-A21A-562E56857CBE}"
EndProject
Project("{FAE04EC0-301F-11D3-BF4B-00C04F79EFBC}") = "EzDbCodeGen.Cli.Tests", "tests\EzDbCodeGen.Cli.Tests\EzDbCodeGen.Cli.Tests.csproj", "{1EF226E5-47FC-4DFC-82D0-BF13C295C718}"
EndProject
Project("{2150E333-8FDC-42A3-9474-1A3956D46DE8}") = "tests", "tests", "{0AB3BF05-4346-4AA6-1389-037BE0695223}"
EndProject
Project("{FAE04EC0-301F-11D3-BF4B-00C04F79EFBC}") = "EzDbCodeGen.EFCoreComparison.Tests", "tests\EzDbCodeGen.EFCoreComparison.Tests\EzDbCodeGen.EFCoreComparison.Tests.csproj", "{EF6EE03B-07D6-48D0-A1BC-6809E425416A}"
EndProject
Project("{FAE04EC0-301F-11D3-BF4B-00C04F79EFBC}") = "SchemaProviderComparison", "SchemaProviderComparison\SchemaProviderComparison.csproj", "{B5DB7572-4E38-4C7E-A54E-C5776F36262B}"
EndProject
Project("{FAE04EC0-301F-11D3-BF4B-00C04F79EFBC}") = "EzDbCodeGen.Common.Interfaces", "src\EzDbCodeGen.Common.Interfaces\EzDbCodeGen.Common.Interfaces.csproj", "{946D199E-0C62-4253-A18C-1CB00036D3F3}"
EndProject
Global
	GlobalSection(SolutionConfigurationPlatforms) = preSolution
		Debug|Any CPU = Debug|Any CPU
		Debug|x64 = Debug|x64
		Debug|x86 = Debug|x86
		Release|Any CPU = Release|Any CPU
		Release|x64 = Release|x64
		Release|x86 = Release|x86
	EndGlobalSection
	GlobalSection(ProjectConfigurationPlatforms) = postSolution
		{D885B68A-BC33-4353-9361-4DDA0C471022}.Debug|Any CPU.ActiveCfg = Debug|Any CPU
		{D885B68A-BC33-4353-9361-4DDA0C471022}.Debug|Any CPU.Build.0 = Debug|Any CPU
		{D885B68A-BC33-4353-9361-4DDA0C471022}.Debug|x64.ActiveCfg = Debug|Any CPU
		{D885B68A-BC33-4353-9361-4DDA0C471022}.Debug|x64.Build.0 = Debug|Any CPU
		{D885B68A-BC33-4353-9361-4DDA0C471022}.Debug|x86.ActiveCfg = Debug|Any CPU
		{D885B68A-BC33-4353-9361-4DDA0C471022}.Debug|x86.Build.0 = Debug|Any CPU
		{D885B68A-BC33-4353-9361-4DDA0C471022}.Release|Any CPU.ActiveCfg = Release|Any CPU
		{D885B68A-BC33-4353-9361-4DDA0C471022}.Release|Any CPU.Build.0 = Release|Any CPU
		{D885B68A-BC33-4353-9361-4DDA0C471022}.Release|x64.ActiveCfg = Release|Any CPU
		{D885B68A-BC33-4353-9361-4DDA0C471022}.Release|x64.Build.0 = Release|Any CPU
		{D885B68A-BC33-4353-9361-4DDA0C471022}.Release|x86.ActiveCfg = Release|Any CPU
		{D885B68A-BC33-4353-9361-4DDA0C471022}.Release|x86.Build.0 = Release|Any CPU
		{708D857B-5421-41D1-8A8B-0CE275917ED0}.Debug|Any CPU.ActiveCfg = Debug|Any CPU
		{708D857B-5421-41D1-8A8B-0CE275917ED0}.Debug|Any CPU.Build.0 = Debug|Any CPU
		{708D857B-5421-41D1-8A8B-0CE275917ED0}.Debug|x64.ActiveCfg = Debug|Any CPU
		{708D857B-5421-41D1-8A8B-0CE275917ED0}.Debug|x64.Build.0 = Debug|Any CPU
		{708D857B-5421-41D1-8A8B-0CE275917ED0}.Debug|x86.ActiveCfg = Debug|Any CPU
		{708D857B-5421-41D1-8A8B-0CE275917ED0}.Debug|x86.Build.0 = Debug|Any CPU
		{708D857B-5421-41D1-8A8B-0CE275917ED0}.Release|Any CPU.ActiveCfg = Release|Any CPU
		{708D857B-5421-41D1-8A8B-0CE275917ED0}.Release|Any CPU.Build.0 = Release|Any CPU
		{708D857B-5421-41D1-8A8B-0CE275917ED0}.Release|x64.ActiveCfg = Release|Any CPU
		{708D857B-5421-41D1-8A8B-0CE275917ED0}.Release|x64.Build.0 = Release|Any CPU
		{708D857B-5421-41D1-8A8B-0CE275917ED0}.Release|x86.ActiveCfg = Release|Any CPU
		{708D857B-5421-41D1-8A8B-0CE275917ED0}.Release|x86.Build.0 = Release|Any CPU
		{D3CCF01A-CB87-48C7-B960-79A58E22DB05}.Debug|Any CPU.ActiveCfg = Debug|Any CPU
		{D3CCF01A-CB87-48C7-B960-79A58E22DB05}.Debug|Any CPU.Build.0 = Debug|Any CPU
		{D3CCF01A-CB87-48C7-B960-79A58E22DB05}.Debug|x64.ActiveCfg = Debug|Any CPU
		{D3CCF01A-CB87-48C7-B960-79A58E22DB05}.Debug|x64.Build.0 = Debug|Any CPU
		{D3CCF01A-CB87-48C7-B960-79A58E22DB05}.Debug|x86.ActiveCfg = Debug|Any CPU
		{D3CCF01A-CB87-48C7-B960-79A58E22DB05}.Debug|x86.Build.0 = Debug|Any CPU
		{D3CCF01A-CB87-48C7-B960-79A58E22DB05}.Release|Any CPU.ActiveCfg = Release|Any CPU
		{D3CCF01A-CB87-48C7-B960-79A58E22DB05}.Release|Any CPU.Build.0 = Release|Any CPU
		{D3CCF01A-CB87-48C7-B960-79A58E22DB05}.Release|x64.ActiveCfg = Release|Any CPU
		{D3CCF01A-CB87-48C7-B960-79A58E22DB05}.Release|x64.Build.0 = Release|Any CPU
		{D3CCF01A-CB87-48C7-B960-79A58E22DB05}.Release|x86.ActiveCfg = Release|Any CPU
		{D3CCF01A-CB87-48C7-B960-79A58E22DB05}.Release|x86.Build.0 = Release|Any CPU
		{9F459F31-F6C3-4EFC-86BF-307F3B0715CC}.Debug|Any CPU.ActiveCfg = Debug|Any CPU
		{9F459F31-F6C3-4EFC-86BF-307F3B0715CC}.Debug|Any CPU.Build.0 = Debug|Any CPU
		{9F459F31-F6C3-4EFC-86BF-307F3B0715CC}.Debug|x64.ActiveCfg = Debug|Any CPU
		{9F459F31-F6C3-4EFC-86BF-307F3B0715CC}.Debug|x64.Build.0 = Debug|Any CPU
		{9F459F31-F6C3-4EFC-86BF-307F3B0715CC}.Debug|x86.ActiveCfg = Debug|Any CPU
		{9F459F31-F6C3-4EFC-86BF-307F3B0715CC}.Debug|x86.Build.0 = Debug|Any CPU
		{9F459F31-F6C3-4EFC-86BF-307F3B0715CC}.Release|Any CPU.ActiveCfg = Release|Any CPU
		{9F459F31-F6C3-4EFC-86BF-307F3B0715CC}.Release|Any CPU.Build.0 = Release|Any CPU
		{9F459F31-F6C3-4EFC-86BF-307F3B0715CC}.Release|x64.ActiveCfg = Release|Any CPU
		{9F459F31-F6C3-4EFC-86BF-307F3B0715CC}.Release|x64.Build.0 = Release|Any CPU
		{9F459F31-F6C3-4EFC-86BF-307F3B0715CC}.Release|x86.ActiveCfg = Release|Any CPU
		{9F459F31-F6C3-4EFC-86BF-307F3B0715CC}.Release|x86.Build.0 = Release|Any CPU
		{FE940B9F-A2AE-4B4E-B51C-41ECA8A097A4}.Debug|Any CPU.ActiveCfg = Debug|Any CPU
		{FE940B9F-A2AE-4B4E-B51C-41ECA8A097A4}.Debug|Any CPU.Build.0 = Debug|Any CPU
		{FE940B9F-A2AE-4B4E-B51C-41ECA8A097A4}.Debug|x64.ActiveCfg = Debug|Any CPU
		{FE940B9F-A2AE-4B4E-B51C-41ECA8A097A4}.Debug|x64.Build.0 = Debug|Any CPU
		{FE940B9F-A2AE-4B4E-B51C-41ECA8A097A4}.Debug|x86.ActiveCfg = Debug|Any CPU
		{FE940B9F-A2AE-4B4E-B51C-41ECA8A097A4}.Debug|x86.Build.0 = Debug|Any CPU
		{FE940B9F-A2AE-4B4E-B51C-41ECA8A097A4}.Release|Any CPU.ActiveCfg = Release|Any CPU
		{FE940B9F-A2AE-4B4E-B51C-41ECA8A097A4}.Release|Any CPU.Build.0 = Release|Any CPU
		{FE940B9F-A2AE-4B4E-B51C-41ECA8A097A4}.Release|x64.ActiveCfg = Release|Any CPU
		{FE940B9F-A2AE-4B4E-B51C-41ECA8A097A4}.Release|x64.Build.0 = Release|Any CPU
		{FE940B9F-A2AE-4B4E-B51C-41ECA8A097A4}.Release|x86.ActiveCfg = Release|Any CPU
		{FE940B9F-A2AE-4B4E-B51C-41ECA8A097A4}.Release|x86.Build.0 = Release|Any CPU
		{0ABE8E5A-B3CF-48A3-A0EE-F9099473A10D}.Debug|Any CPU.ActiveCfg = Debug|Any CPU
		{0ABE8E5A-B3CF-48A3-A0EE-F9099473A10D}.Debug|Any CPU.Build.0 = Debug|Any CPU
		{0ABE8E5A-B3CF-48A3-A0EE-F9099473A10D}.Debug|x64.ActiveCfg = Debug|Any CPU
		{0ABE8E5A-B3CF-48A3-A0EE-F9099473A10D}.Debug|x64.Build.0 = Debug|Any CPU
		{0ABE8E5A-B3CF-48A3-A0EE-F9099473A10D}.Debug|x86.ActiveCfg = Debug|Any CPU
		{0ABE8E5A-B3CF-48A3-A0EE-F9099473A10D}.Debug|x86.Build.0 = Debug|Any CPU
		{0ABE8E5A-B3CF-48A3-A0EE-F9099473A10D}.Release|Any CPU.ActiveCfg = Release|Any CPU
		{0ABE8E5A-B3CF-48A3-A0EE-F9099473A10D}.Release|Any CPU.Build.0 = Release|Any CPU
		{0ABE8E5A-B3CF-48A3-A0EE-F9099473A10D}.Release|x64.ActiveCfg = Release|Any CPU
		{0ABE8E5A-B3CF-48A3-A0EE-F9099473A10D}.Release|x64.Build.0 = Release|Any CPU
		{0ABE8E5A-B3CF-48A3-A0EE-F9099473A10D}.Release|x86.ActiveCfg = Release|Any CPU
		{0ABE8E5A-B3CF-48A3-A0EE-F9099473A10D}.Release|x86.Build.0 = Release|Any CPU
		{8BDF9465-3FED-4308-A186-C50995562D8B}.Debug|Any CPU.ActiveCfg = Debug|Any CPU
		{8BDF9465-3FED-4308-A186-C50995562D8B}.Debug|Any CPU.Build.0 = Debug|Any CPU
		{8BDF9465-3FED-4308-A186-C50995562D8B}.Debug|x64.ActiveCfg = Debug|Any CPU
		{8BDF9465-3FED-4308-A186-C50995562D8B}.Debug|x64.Build.0 = Debug|Any CPU
		{8BDF9465-3FED-4308-A186-C50995562D8B}.Debug|x86.ActiveCfg = Debug|Any CPU
		{8BDF9465-3FED-4308-A186-C50995562D8B}.Debug|x86.Build.0 = Debug|Any CPU
		{8BDF9465-3FED-4308-A186-C50995562D8B}.Release|Any CPU.ActiveCfg = Release|Any CPU
		{8BDF9465-3FED-4308-A186-C50995562D8B}.Release|Any CPU.Build.0 = Release|Any CPU
		{8BDF9465-3FED-4308-A186-C50995562D8B}.Release|x64.ActiveCfg = Release|Any CPU
		{8BDF9465-3FED-4308-A186-C50995562D8B}.Release|x64.Build.0 = Release|Any CPU
		{8BDF9465-3FED-4308-A186-C50995562D8B}.Release|x86.ActiveCfg = Release|Any CPU
		{8BDF9465-3FED-4308-A186-C50995562D8B}.Release|x86.Build.0 = Release|Any CPU
		{320F8676-148B-4EE2-A221-A197F3114A06}.Debug|Any CPU.ActiveCfg = Debug|Any CPU
		{320F8676-148B-4EE2-A221-A197F3114A06}.Debug|Any CPU.Build.0 = Debug|Any CPU
		{320F8676-148B-4EE2-A221-A197F3114A06}.Debug|x64.ActiveCfg = Debug|Any CPU
		{320F8676-148B-4EE2-A221-A197F3114A06}.Debug|x64.Build.0 = Debug|Any CPU
		{320F8676-148B-4EE2-A221-A197F3114A06}.Debug|x86.ActiveCfg = Debug|Any CPU
		{320F8676-148B-4EE2-A221-A197F3114A06}.Debug|x86.Build.0 = Debug|Any CPU
		{320F8676-148B-4EE2-A221-A197F3114A06}.Release|Any CPU.ActiveCfg = Release|Any CPU
		{320F8676-148B-4EE2-A221-A197F3114A06}.Release|Any CPU.Build.0 = Release|Any CPU
		{320F8676-148B-4EE2-A221-A197F3114A06}.Release|x64.ActiveCfg = Release|Any CPU
		{320F8676-148B-4EE2-A221-A197F3114A06}.Release|x64.Build.0 = Release|Any CPU
		{320F8676-148B-4EE2-A221-A197F3114A06}.Release|x86.ActiveCfg = Release|Any CPU
		{320F8676-148B-4EE2-A221-A197F3114A06}.Release|x86.Build.0 = Release|Any CPU
		{663FC6E5-4E57-44CD-87BB-3C3D5983087C}.Debug|Any CPU.ActiveCfg = Debug|Any CPU
		{663FC6E5-4E57-44CD-87BB-3C3D5983087C}.Debug|Any CPU.Build.0 = Debug|Any CPU
		{663FC6E5-4E57-44CD-87BB-3C3D5983087C}.Debug|x64.ActiveCfg = Debug|Any CPU
		{663FC6E5-4E57-44CD-87BB-3C3D5983087C}.Debug|x64.Build.0 = Debug|Any CPU
		{663FC6E5-4E57-44CD-87BB-3C3D5983087C}.Debug|x86.ActiveCfg = Debug|Any CPU
		{663FC6E5-4E57-44CD-87BB-3C3D5983087C}.Debug|x86.Build.0 = Debug|Any CPU
		{663FC6E5-4E57-44CD-87BB-3C3D5983087C}.Release|Any CPU.ActiveCfg = Release|Any CPU
		{663FC6E5-4E57-44CD-87BB-3C3D5983087C}.Release|Any CPU.Build.0 = Release|Any CPU
		{663FC6E5-4E57-44CD-87BB-3C3D5983087C}.Release|x64.ActiveCfg = Release|Any CPU
		{663FC6E5-4E57-44CD-87BB-3C3D5983087C}.Release|x64.Build.0 = Release|Any CPU
		{663FC6E5-4E57-44CD-87BB-3C3D5983087C}.Release|x86.ActiveCfg = Release|Any CPU
		{663FC6E5-4E57-44CD-87BB-3C3D5983087C}.Release|x86.Build.0 = Release|Any CPU
		{079F1660-B907-46ED-BFF9-6B4CBF276238}.Debug|Any CPU.ActiveCfg = Debug|Any CPU
		{079F1660-B907-46ED-BFF9-6B4CBF276238}.Debug|Any CPU.Build.0 = Debug|Any CPU
		{079F1660-B907-46ED-BFF9-6B4CBF276238}.Debug|x64.ActiveCfg = Debug|Any CPU
		{079F1660-B907-46ED-BFF9-6B4CBF276238}.Debug|x64.Build.0 = Debug|Any CPU
		{079F1660-B907-46ED-BFF9-6B4CBF276238}.Debug|x86.ActiveCfg = Debug|Any CPU
		{079F1660-B907-46ED-BFF9-6B4CBF276238}.Debug|x86.Build.0 = Debug|Any CPU
		{079F1660-B907-46ED-BFF9-6B4CBF276238}.Release|Any CPU.ActiveCfg = Release|Any CPU
		{079F1660-B907-46ED-BFF9-6B4CBF276238}.Release|Any CPU.Build.0 = Release|Any CPU
		{079F1660-B907-46ED-BFF9-6B4CBF276238}.Release|x64.ActiveCfg = Release|Any CPU
		{079F1660-B907-46ED-BFF9-6B4CBF276238}.Release|x64.Build.0 = Release|Any CPU
		{079F1660-B907-46ED-BFF9-6B4CBF276238}.Release|x86.ActiveCfg = Release|Any CPU
		{079F1660-B907-46ED-BFF9-6B4CBF276238}.Release|x86.Build.0 = Release|Any CPU
		{2C799BAC-C332-4DAF-A21A-562E56857CBE}.Debug|Any CPU.ActiveCfg = Debug|Any CPU
		{2C799BAC-C332-4DAF-A21A-562E56857CBE}.Debug|Any CPU.Build.0 = Debug|Any CPU
		{2C799BAC-C332-4DAF-A21A-562E56857CBE}.Debug|x64.ActiveCfg = Debug|Any CPU
		{2C799BAC-C332-4DAF-A21A-562E56857CBE}.Debug|x64.Build.0 = Debug|Any CPU
		{2C799BAC-C332-4DAF-A21A-562E56857CBE}.Debug|x86.ActiveCfg = Debug|Any CPU
		{2C799BAC-C332-4DAF-A21A-562E56857CBE}.Debug|x86.Build.0 = Debug|Any CPU
		{2C799BAC-C332-4DAF-A21A-562E56857CBE}.Release|Any CPU.ActiveCfg = Release|Any CPU
		{2C799BAC-C332-4DAF-A21A-562E56857CBE}.Release|Any CPU.Build.0 = Release|Any CPU
		{2C799BAC-C332-4DAF-A21A-562E56857CBE}.Release|x64.ActiveCfg = Release|Any CPU
		{2C799BAC-C332-4DAF-A21A-562E56857CBE}.Release|x64.Build.0 = Release|Any CPU
		{2C799BAC-C332-4DAF-A21A-562E56857CBE}.Release|x86.ActiveCfg = Release|Any CPU
		{2C799BAC-C332-4DAF-A21A-562E56857CBE}.Release|x86.Build.0 = Release|Any CPU
		{1EF226E5-47FC-4DFC-82D0-BF13C295C718}.Debug|Any CPU.ActiveCfg = Debug|Any CPU
		{1EF226E5-47FC-4DFC-82D0-BF13C295C718}.Debug|Any CPU.Build.0 = Debug|Any CPU
		{1EF226E5-47FC-4DFC-82D0-BF13C295C718}.Debug|x64.ActiveCfg = Debug|Any CPU
		{1EF226E5-47FC-4DFC-82D0-BF13C295C718}.Debug|x64.Build.0 = Debug|Any CPU
		{1EF226E5-47FC-4DFC-82D0-BF13C295C718}.Debug|x86.ActiveCfg = Debug|Any CPU
		{1EF226E5-47FC-4DFC-82D0-BF13C295C718}.Debug|x86.Build.0 = Debug|Any CPU
		{1EF226E5-47FC-4DFC-82D0-BF13C295C718}.Release|Any CPU.ActiveCfg = Release|Any CPU
		{1EF226E5-47FC-4DFC-82D0-BF13C295C718}.Release|Any CPU.Build.0 = Release|Any CPU
		{1EF226E5-47FC-4DFC-82D0-BF13C295C718}.Release|x64.ActiveCfg = Release|Any CPU
		{1EF226E5-47FC-4DFC-82D0-BF13C295C718}.Release|x64.Build.0 = Release|Any CPU
		{1EF226E5-47FC-4DFC-82D0-BF13C295C718}.Release|x86.ActiveCfg = Release|Any CPU
		{1EF226E5-47FC-4DFC-82D0-BF13C295C718}.Release|x86.Build.0 = Release|Any CPU
		{EF6EE03B-07D6-48D0-A1BC-6809E425416A}.Debug|Any CPU.ActiveCfg = Debug|Any CPU
		{EF6EE03B-07D6-48D0-A1BC-6809E425416A}.Debug|Any CPU.Build.0 = Debug|Any CPU
		{EF6EE03B-07D6-48D0-A1BC-6809E425416A}.Debug|x64.ActiveCfg = Debug|Any CPU
		{EF6EE03B-07D6-48D0-A1BC-6809E425416A}.Debug|x64.Build.0 = Debug|Any CPU
		{EF6EE03B-07D6-48D0-A1BC-6809E425416A}.Debug|x86.ActiveCfg = Debug|Any CPU
		{EF6EE03B-07D6-48D0-A1BC-6809E425416A}.Debug|x86.Build.0 = Debug|Any CPU
		{EF6EE03B-07D6-48D0-A1BC-6809E425416A}.Release|Any CPU.ActiveCfg = Release|Any CPU
		{EF6EE03B-07D6-48D0-A1BC-6809E425416A}.Release|Any CPU.Build.0 = Release|Any CPU
		{EF6EE03B-07D6-48D0-A1BC-6809E425416A}.Release|x64.ActiveCfg = Release|Any CPU
		{EF6EE03B-07D6-48D0-A1BC-6809E425416A}.Release|x64.Build.0 = Release|Any CPU
		{EF6EE03B-07D6-48D0-A1BC-6809E425416A}.Release|x86.ActiveCfg = Release|Any CPU
		{EF6EE03B-07D6-48D0-A1BC-6809E425416A}.Release|x86.Build.0 = Release|Any CPU
		{B5DB7572-4E38-4C7E-A54E-C5776F36262B}.Debug|Any CPU.ActiveCfg = Debug|Any CPU
		{B5DB7572-4E38-4C7E-A54E-C5776F36262B}.Debug|Any CPU.Build.0 = Debug|Any CPU
		{B5DB7572-4E38-4C7E-A54E-C5776F36262B}.Debug|x64.ActiveCfg = Debug|Any CPU
		{B5DB7572-4E38-4C7E-A54E-C5776F36262B}.Debug|x64.Build.0 = Debug|Any CPU
		{B5DB7572-4E38-4C7E-A54E-C5776F36262B}.Debug|x86.ActiveCfg = Debug|Any CPU
		{B5DB7572-4E38-4C7E-A54E-C5776F36262B}.Debug|x86.Build.0 = Debug|Any CPU
		{B5DB7572-4E38-4C7E-A54E-C5776F36262B}.Release|Any CPU.ActiveCfg = Release|Any CPU
		{B5DB7572-4E38-4C7E-A54E-C5776F36262B}.Release|Any CPU.Build.0 = Release|Any CPU
		{B5DB7572-4E38-4C7E-A54E-C5776F36262B}.Release|x64.ActiveCfg = Release|Any CPU
		{B5DB7572-4E38-4C7E-A54E-C5776F36262B}.Release|x64.Build.0 = Release|Any CPU
		{B5DB7572-4E38-4C7E-A54E-C5776F36262B}.Release|x86.ActiveCfg = Release|Any CPU
		{B5DB7572-4E38-4C7E-A54E-C5776F36262B}.Release|x86.Build.0 = Release|Any CPU
		{946D199E-0C62-4253-A18C-1CB00036D3F3}.Debug|Any CPU.ActiveCfg = Debug|Any CPU
		{946D199E-0C62-4253-A18C-1CB00036D3F3}.Debug|Any CPU.Build.0 = Debug|Any CPU
		{946D199E-0C62-4253-A18C-1CB00036D3F3}.Debug|x64.ActiveCfg = Debug|Any CPU
		{946D199E-0C62-4253-A18C-1CB00036D3F3}.Debug|x64.Build.0 = Debug|Any CPU
		{946D199E-0C62-4253-A18C-1CB00036D3F3}.Debug|x86.ActiveCfg = Debug|Any CPU
		{946D199E-0C62-4253-A18C-1CB00036D3F3}.Debug|x86.Build.0 = Debug|Any CPU
		{946D199E-0C62-4253-A18C-1CB00036D3F3}.Release|Any CPU.ActiveCfg = Release|Any CPU
		{946D199E-0C62-4253-A18C-1CB00036D3F3}.Release|Any CPU.Build.0 = Release|Any CPU
		{946D199E-0C62-4253-A18C-1CB00036D3F3}.Release|x64.ActiveCfg = Release|Any CPU
		{946D199E-0C62-4253-A18C-1CB00036D3F3}.Release|x64.Build.0 = Release|Any CPU
		{946D199E-0C62-4253-A18C-1CB00036D3F3}.Release|x86.ActiveCfg = Release|Any CPU
		{946D199E-0C62-4253-A18C-1CB00036D3F3}.Release|x86.Build.0 = Release|Any CPU
	EndGlobalSection
	GlobalSection(SolutionProperties) = preSolution
		HideSolutionNode = FALSE
	EndGlobalSection
	GlobalSection(NestedProjects) = preSolution
		{D885B68A-BC33-4353-9361-4DDA0C471022} = {827E0CD3-B72D-47B6-A68D-7590B98EB39B}
		{708D857B-5421-41D1-8A8B-0CE275917ED0} = {827E0CD3-B72D-47B6-A68D-7590B98EB39B}
		{D3CCF01A-CB87-48C7-B960-79A58E22DB05} = {827E0CD3-B72D-47B6-A68D-7590B98EB39B}
		{9F459F31-F6C3-4EFC-86BF-307F3B0715CC} = {827E0CD3-B72D-47B6-A68D-7590B98EB39B}
		{FE940B9F-A2AE-4B4E-B51C-41ECA8A097A4} = {827E0CD3-B72D-47B6-A68D-7590B98EB39B}
		{0ABE8E5A-B3CF-48A3-A0EE-F9099473A10D} = {827E0CD3-B72D-47B6-A68D-7590B98EB39B}
		{8BDF9465-3FED-4308-A186-C50995562D8B} = {827E0CD3-B72D-47B6-A68D-7590B98EB39B}
		{320F8676-148B-4EE2-A221-A197F3114A06} = {827E0CD3-B72D-47B6-A68D-7590B98EB39B}
		{663FC6E5-4E57-44CD-87BB-3C3D5983087C} = {827E0CD3-B72D-47B6-A68D-7590B98EB39B}
		{079F1660-B907-46ED-BFF9-6B4CBF276238} = {827E0CD3-B72D-47B6-A68D-7590B98EB39B}
		{2C799BAC-C332-4DAF-A21A-562E56857CBE} = {827E0CD3-B72D-47B6-A68D-7590B98EB39B}
		{1EF226E5-47FC-4DFC-82D0-BF13C295C718} = {827E0CD3-B72D-47B6-A68D-7590B98EB39B}
		{EF6EE03B-07D6-48D0-A1BC-6809E425416A} = {0AB3BF05-4346-4AA6-1389-037BE0695223}
		{946D199E-0C62-4253-A18C-1CB00036D3F3} = {827E0CD3-B72D-47B6-A68D-7590B98EB39B}
	EndGlobalSection
EndGlobal
